
Microsoft Visual Studio Solution File, Format Version 12.00
# Visual Studio Version 17
VisualStudioVersion = 17.4.33213.308
MinimumVisualStudioVersion = 10.0.40219.1
Project("{FAE04EC0-301F-11D3-BF4B-00C04F79EFBC}") = "Week8EpicGame", "Week8EpicGame\Week8EpicGame.csproj", "{0F319571-2CDC-4CF7-AA78-A69B00F0C2C8}"
EndProject
Project("{FAE04EC0-301F-11D3-BF4B-00C04F79EFBC}") = "Practice", "Practice\Practice.csproj", "{5EF2B8BD-7EDF-4163-8785-A2AB392E1940}"
EndProject
Global
	GlobalSection(SolutionConfigurationPlatforms) = preSolution
		Debug|Any CPU = Debug|Any CPU
		Release|Any CPU = Release|Any CPU
	EndGlobalSection
	GlobalSection(ProjectConfigurationPlatforms) = postSolution
		{0F319571-2CDC-4CF7-AA78-A69B00F0C2C8}.Debug|Any CPU.ActiveCfg = Debug|Any CPU
		{0F319571-2CDC-4CF7-AA78-A69B00F0C2C8}.Debug|Any CPU.Build.0 = Debug|Any CPU
		{0F319571-2CDC-4CF7-AA78-A69B00F0C2C8}.Release|Any CPU.ActiveCfg = Release|Any CPU
		{0F319571-2CDC-4CF7-AA78-A69B00F0C2C8}.Release|Any CPU.Build.0 = Release|Any CPU
		{5EF2B8BD-7EDF-4163-8785-A2AB392E1940}.Debug|Any CPU.ActiveCfg = Debug|Any CPU
		{5EF2B8BD-7EDF-4163-8785-A2AB392E1940}.Debug|Any CPU.Build.0 = Debug|Any CPU
		{5EF2B8BD-7EDF-4163-8785-A2AB392E1940}.Release|Any CPU.ActiveCfg = Release|Any CPU
		{5EF2B8BD-7EDF-4163-8785-A2AB392E1940}.Release|Any CPU.Build.0 = Release|Any CPU
	EndGlobalSection
	GlobalSection(SolutionProperties) = preSolution
		HideSolutionNode = FALSE
	EndGlobalSection
	GlobalSection(ExtensibilityGlobals) = postSolution
		SolutionGuid = {1F868AD9-41C9-4BDA-9843-E105406A51C9}
	EndGlobalSection
EndGlobal
